
Microsoft Visual Studio Solution File, Format Version 12.00
# Visual Studio Version 17
VisualStudioVersion = 17.8.34309.116
MinimumVisualStudioVersion = 10.0.40219.1
Project("{9A19103F-16F7-4668-BE54-9A1E7A4F7556}") = "Clinic", "Clinic8\Clinic8\Clinic.csproj", "{628A781B-BE36-46D3-8767-81A72550ECC9}"
EndProject
Project("{9A19103F-16F7-4668-BE54-9A1E7A4F7556}") = "Clinic.Client", "Clinic8\Clinic8.Client\Clinic.Client.csproj", "{28BA8DFD-8455-4C57-9593-02B6D358DFF7}"
EndProject
Global
	GlobalSection(SolutionConfigurationPlatforms) = preSolution
		Debug|Any CPU = Debug|Any CPU
		Release|Any CPU = Release|Any CPU
	EndGlobalSection
	GlobalSection(ProjectConfigurationPlatforms) = postSolution
		{628A781B-BE36-46D3-8767-81A72550ECC9}.Debug|Any CPU.ActiveCfg = Debug|Any CPU
		{628A781B-BE36-46D3-8767-81A72550ECC9}.Debug|Any CPU.Build.0 = Debug|Any CPU
		{628A781B-BE36-46D3-8767-81A72550ECC9}.Release|Any CPU.ActiveCfg = Release|Any CPU
		{628A781B-BE36-46D3-8767-81A72550ECC9}.Release|Any CPU.Build.0 = Release|Any CPU
		{28BA8DFD-8455-4C57-9593-02B6D358DFF7}.Debug|Any CPU.ActiveCfg = Debug|Any CPU
		{28BA8DFD-8455-4C57-9593-02B6D358DFF7}.Debug|Any CPU.Build.0 = Debug|Any CPU
		{28BA8DFD-8455-4C57-9593-02B6D358DFF7}.Release|Any CPU.ActiveCfg = Release|Any CPU
		{28BA8DFD-8455-4C57-9593-02B6D358DFF7}.Release|Any CPU.Build.0 = Release|Any CPU
	EndGlobalSection
	GlobalSection(SolutionProperties) = preSolution
		HideSolutionNode = FALSE
	EndGlobalSection
	GlobalSection(ExtensibilityGlobals) = postSolution
		SolutionGuid = {0DC432C6-0D4B-4D26-A135-0CEBCDF243EA}
	EndGlobalSection
EndGlobal
